<?xml version="1.0" encoding="utf-8"?>
<Project ToolsVersion="4.0" xmlns="http://schemas.microsoft.com/developer/msbuild/2003">
  <ItemGroup>
    <Filter Include="src">
      <UniqueIdentifier>{f09e8c2a-8bcf-44e9-967c-e00e550704f6}</UniqueIdentifier>
    </Filter>
    <Filter Include="src\imgui">
      <UniqueIdentifier>{9667bb37-3855-437b-bae1-0f6829938992}</UniqueIdentifier>
    </Filter>
    <Filter Include="src\glad">
      <UniqueIdentifier>{f43cfb80-d72a-416c-a0cf-bf242fc9f8cc}</UniqueIdentifier>
    </Filter>
    <Filter Include="src\glad\glad">
      <UniqueIdentifier>{f80ea3aa-2635-4f5a-99e8-a120817b17d3}</UniqueIdentifier>
    </Filter>
    <Filter Include="src\glad\KHR">
      <UniqueIdentifier>{b54950ba-8c39-4671-84b8-2caa65c39add}</UniqueIdentifier>
    </Filter>
    <Filter Include="src\Core">
      <UniqueIdentifier>{94ec7e9e-68ff-4faf-96b2-6072400e6dd3}</UniqueIdentifier>
    </Filter>
    <Filter Include="src\View">
      <UniqueIdentifier>{0374a951-cca2-444a-8a29-4a0474bfea6f}</UniqueIdentifier>
    </Filter>
    <Filter Include="src\tinyobjloader">
      <UniqueIdentifier>{b24d4a5c-93c5-4665-a27c-a9b22c1a733e}</UniqueIdentifier>
    </Filter>
  </ItemGroup>
  <ItemGroup>
    <ClCompile Include="..\..\..\src\main.cpp">
      <Filter>src</Filter>
    </ClCompile>
    <ClCompile Include="..\..\..\src\imgui\imgui.cpp">
      <Filter>src\imgui</Filter>
    </ClCompile>
    <ClCompile Include="..\..\..\src\imgui\imgui_demo.cpp">
      <Filter>src\imgui</Filter>
    </ClCompile>
    <ClCompile Include="..\..\..\src\imgui\imgui_draw.cpp">
      <Filter>src\imgui</Filter>
    </ClCompile>
    <ClCompile Include="..\..\..\src\imgui\imgui_impl_opengl3.cpp">
      <Filter>src\imgui</Filter>
    </ClCompile>
    <ClCompile Include="..\..\..\src\imgui\imgui_impl_sdl.cpp">
      <Filter>src\imgui</Filter>
    </ClCompile>
    <ClCompile Include="..\..\..\src\imgui\imgui_sdl.cpp">
      <Filter>src\imgui</Filter>
    </ClCompile>
    <ClCompile Include="..\..\..\src\imgui\imgui_tables.cpp">
      <Filter>src\imgui</Filter>
    </ClCompile>
    <ClCompile Include="..\..\..\src\imgui\imgui_widgets.cpp">
      <Filter>src\imgui</Filter>
    </ClCompile>
    <ClCompile Include="..\..\..\src\glad\glad.c">
      <Filter>src\glad</Filter>
    </ClCompile>
    <ClCompile Include="..\..\..\src\Core\BaseView.cpp">
      <Filter>src\Core</Filter>
    </ClCompile>
    <ClCompile Include="..\..\..\src\Core\ViewMgr.cpp">
      <Filter>src\Core</Filter>
    </ClCompile>
    <ClCompile Include="..\..\..\src\View\StatView.cpp">
      <Filter>src\View</Filter>
    </ClCompile>
    <ClCompile Include="..\..\..\src\View\TestView.cpp">
      <Filter>src\View</Filter>
    </ClCompile>
    <ClCompile Include="..\..\..\src\Core\Render.cpp">
      <Filter>src\Core</Filter>
    </ClCompile>
    <ClCompile Include="..\..\..\src\Core\Types.cpp">
      <Filter>src\Core</Filter>
    </ClCompile>
    <ClCompile Include="..\..\..\src\Core\App.cpp">
      <Filter>src\Core</Filter>
    </ClCompile>
    <ClCompile Include="..\..\..\src\Core\RandomHelper.cpp">
      <Filter>src\Core</Filter>
    </ClCompile>
    <ClCompile Include="..\..\..\src\View\DrawLinesView.cpp">
      <Filter>src\View</Filter>
    </ClCompile>
    <ClCompile Include="..\..\..\src\Core\Color.cpp">
      <Filter>src\Core</Filter>
    </ClCompile>
    <ClCompile Include="..\..\..\src\Core\Matrix.cpp">
      <Filter>src\Core</Filter>
    </ClCompile>
    <ClCompile Include="..\..\..\src\Core\Camera.cpp">
      <Filter>src\Core</Filter>
    </ClCompile>
    <ClCompile Include="..\..\..\src\Core\Viewport.cpp">
      <Filter>src\Core</Filter>
    </ClCompile>
    <ClCompile Include="..\..\..\src\Core\Vector.cpp">
      <Filter>src\Core</Filter>
    </ClCompile>
  </ItemGroup>
  <ItemGroup>
    <ClInclude Include="..\..\..\src\imgui\imconfig.h">
      <Filter>src\imgui</Filter>
    </ClInclude>
    <ClInclude Include="..\..\..\src\imgui\imgui.h">
      <Filter>src\imgui</Filter>
    </ClInclude>
    <ClInclude Include="..\..\..\src\imgui\imgui_impl_opengl3.h">
      <Filter>src\imgui</Filter>
    </ClInclude>
    <ClInclude Include="..\..\..\src\imgui\imgui_impl_sdl.h">
      <Filter>src\imgui</Filter>
    </ClInclude>
    <ClInclude Include="..\..\..\src\imgui\imgui_internal.h">
      <Filter>src\imgui</Filter>
    </ClInclude>
    <ClInclude Include="..\..\..\src\imgui\imgui_sdl.h">
      <Filter>src\imgui</Filter>
    </ClInclude>
    <ClInclude Include="..\..\..\src\imgui\imstb_rectpack.h">
      <Filter>src\imgui</Filter>
    </ClInclude>
    <ClInclude Include="..\..\..\src\imgui\imstb_textedit.h">
      <Filter>src\imgui</Filter>
    </ClInclude>
    <ClInclude Include="..\..\..\src\imgui\imstb_truetype.h">
      <Filter>src\imgui</Filter>
    </ClInclude>
    <ClInclude Include="..\..\..\src\glad\glad\glad.h">
      <Filter>src\glad\glad</Filter>
    </ClInclude>
    <ClInclude Include="..\..\..\src\glad\KHR\khrplatform.h">
      <Filter>src\glad\KHR</Filter>
    </ClInclude>
    <ClInclude Include="..\..\..\src\Core\App.h">
      <Filter>src\Core</Filter>
    </ClInclude>
    <ClInclude Include="..\..\..\src\Core\BaseView.h">
      <Filter>src\Core</Filter>
    </ClInclude>
    <ClInclude Include="..\..\..\src\Core\ViewMgr.h">
      <Filter>src\Core</Filter>
    </ClInclude>
    <ClInclude Include="..\..\..\src\View\StatView.h">
      <Filter>src\View</Filter>
    </ClInclude>
    <ClInclude Include="..\..\..\src\View\TestView.h">
      <Filter>src\View</Filter>
    </ClInclude>
    <ClInclude Include="..\..\..\src\Core\Types.h">
      <Filter>src\Core</Filter>
    </ClInclude>
    <ClInclude Include="..\..\..\src\Core\Render.h">
      <Filter>src\Core</Filter>
    </ClInclude>
    <ClInclude Include="..\..\..\src\Core\Functions.h">
      <Filter>src\Core</Filter>
    </ClInclude>
    <ClInclude Include="..\..\..\src\Core\RandomHelper.h">
      <Filter>src\Core</Filter>
    </ClInclude>
    <ClInclude Include="..\..\..\src\Core\Math.h">
      <Filter>src\Core</Filter>
    </ClInclude>
    <ClInclude Include="..\..\..\src\View\DrawLinesView.h">
      <Filter>src\View</Filter>
    </ClInclude>
    <ClInclude Include="..\..\..\src\Core\Vector.h">
      <Filter>src\Core</Filter>
    </ClInclude>
    <ClInclude Include="..\..\..\src\Core\Color.h">
      <Filter>src\Core</Filter>
    </ClInclude>
    <ClInclude Include="..\..\..\src\Core\Matrix.h">
      <Filter>src\Core</Filter>
    </ClInclude>
    <ClInclude Include="..\..\..\src\Core\Camera.h">
      <Filter>src\Core</Filter>
    </ClInclude>
    <ClInclude Include="..\..\..\src\Core\Viewport.h">
      <Filter>src\Core</Filter>
    </ClInclude>
    <ClInclude Include="..\..\..\src\tinyobjloader\tiny_obj_loader.h">
      <Filter>src\tinyobjloader</Filter>
    </ClInclude>
    <ClInclude Include="..\..\..\src\Core\Vertex.h">
      <Filter>src\Core</Filter>
    </ClInclude>
  </ItemGroup>
</Project>