// !$*UTF8*$!
{
	archiveVersion = 1;
	classes = {
	};
	objectVersion = 50;
	objects = {

/* Begin PBXBuildFile section */
		7E3E14352664CAF600792C7B /* Material.cpp in Sources */ = {isa = PBXBuildFile; fileRef = 7E3E142A2664CAF600792C7B /* Material.cpp */; };
		7E3E14382664CAF600792C7B /* Shader.cpp in Sources */ = {isa = PBXBuildFile; fileRef = 7E3E142E2664CAF600792C7B /* Shader.cpp */; };
		7E3E14392664CAF600792C7B /* ShaderProgram.cpp in Sources */ = {isa = PBXBuildFile; fileRef = 7E3E14302664CAF600792C7B /* ShaderProgram.cpp */; };
		7E3E143A2664CAF600792C7B /* Uniform.cpp in Sources */ = {isa = PBXBuildFile; fileRef = 7E3E14312664CAF600792C7B /* Uniform.cpp */; };
		7E3E14452664D29900792C7B /* african_head.obj in CopyFiles */ = {isa = PBXBuildFile; fileRef = 7E3E143C2664D0B300792C7B /* african_head.obj */; };
		7E3E14462664D29900792C7B /* cube.obj in CopyFiles */ = {isa = PBXBuildFile; fileRef = 7E3E143D2664D0B300792C7B /* cube.obj */; };
		7E3E14472664D29900792C7B /* test2.png in CopyFiles */ = {isa = PBXBuildFile; fileRef = 7E3E143E2664D0B300792C7B /* test2.png */; };
		7E3E14482664D29900792C7B /* test.png in CopyFiles */ = {isa = PBXBuildFile; fileRef = 7E3E143F2664D0B300792C7B /* test.png */; };
		7E3E144B26650C4400792C7B /* Mesh.cpp in Sources */ = {isa = PBXBuildFile; fileRef = 7E3E144A26650C4300792C7B /* Mesh.cpp */; };
		7E3FD76226651CDF0085E81D /* spot_triangulated.obj in CopyFiles */ = {isa = PBXBuildFile; fileRef = 7E3FD76126651CCF0085E81D /* spot_triangulated.obj */; };
		7E3FD7652665D6A90085E81D /* hmap.jpg in CopyFiles */ = {isa = PBXBuildFile; fileRef = 7E3FD7632665D6970085E81D /* hmap.jpg */; };
		7E3FD7662665D6A90085E81D /* spot_texture.png in CopyFiles */ = {isa = PBXBuildFile; fileRef = 7E3FD7642665D6970085E81D /* spot_texture.png */; };
		7E3FD7682665E0390085E81D /* spot_triangulated_good.obj in CopyFiles */ = {isa = PBXBuildFile; fileRef = 7E3FD7672665E0320085E81D /* spot_triangulated_good.obj */; };
		7E56871026079CB80058C5B2 /* Camera.cpp in Sources */ = {isa = PBXBuildFile; fileRef = 7E56870726079CB80058C5B2 /* Camera.cpp */; };
		7E56871126079CB80058C5B2 /* Color.cpp in Sources */ = {isa = PBXBuildFile; fileRef = 7E56870926079CB80058C5B2 /* Color.cpp */; };
		7E56871226079CB80058C5B2 /* Viewport.cpp in Sources */ = {isa = PBXBuildFile; fileRef = 7E56870A26079CB80058C5B2 /* Viewport.cpp */; };
		7E56871326079CB80058C5B2 /* RandomHelper.cpp in Sources */ = {isa = PBXBuildFile; fileRef = 7E56870C26079CB80058C5B2 /* RandomHelper.cpp */; };
		7E56871426079CB80058C5B2 /* Matrix.cpp in Sources */ = {isa = PBXBuildFile; fileRef = 7E56870E26079CB80058C5B2 /* Matrix.cpp */; };
		7E56871726079CC30058C5B2 /* DrawLinesView.cpp in Sources */ = {isa = PBXBuildFile; fileRef = 7E56871526079CC30058C5B2 /* DrawLinesView.cpp */; };
		7E5687192607A0C00058C5B2 /* Vector.cpp in Sources */ = {isa = PBXBuildFile; fileRef = 7E5687182607A0C00058C5B2 /* Vector.cpp */; };
		7EA4DD2625B9D25700D1440E /* Render.cpp in Sources */ = {isa = PBXBuildFile; fileRef = 7EA4DCFD25B9D25700D1440E /* Render.cpp */; };
		7EA4DD2725B9D25700D1440E /* Types.cpp in Sources */ = {isa = PBXBuildFile; fileRef = 7EA4DCFE25B9D25700D1440E /* Types.cpp */; };
		7EA4DD2825B9D25700D1440E /* ViewMgr.cpp in Sources */ = {isa = PBXBuildFile; fileRef = 7EA4DD0025B9D25700D1440E /* ViewMgr.cpp */; };
		7EA4DD2925B9D25700D1440E /* BaseView.cpp in Sources */ = {isa = PBXBuildFile; fileRef = 7EA4DD0525B9D25700D1440E /* BaseView.cpp */; };
		7EA4DD2A25B9D25700D1440E /* App.cpp in Sources */ = {isa = PBXBuildFile; fileRef = 7EA4DD0725B9D25700D1440E /* App.cpp */; };
		7EA4DD2B25B9D25700D1440E /* imgui_widgets.cpp in Sources */ = {isa = PBXBuildFile; fileRef = 7EA4DD0C25B9D25700D1440E /* imgui_widgets.cpp */; };
		7EA4DD2C25B9D25700D1440E /* imgui.cpp in Sources */ = {isa = PBXBuildFile; fileRef = 7EA4DD1125B9D25700D1440E /* imgui.cpp */; };
		7EA4DD2D25B9D25700D1440E /* imgui_impl_opengl3.cpp in Sources */ = {isa = PBXBuildFile; fileRef = 7EA4DD1325B9D25700D1440E /* imgui_impl_opengl3.cpp */; };
		7EA4DD2E25B9D25700D1440E /* imgui_tables.cpp in Sources */ = {isa = PBXBuildFile; fileRef = 7EA4DD1525B9D25700D1440E /* imgui_tables.cpp */; };
		7EA4DD2F25B9D25700D1440E /* imgui_sdl.cpp in Sources */ = {isa = PBXBuildFile; fileRef = 7EA4DD1625B9D25700D1440E /* imgui_sdl.cpp */; };
		7EA4DD3025B9D25700D1440E /* imgui_demo.cpp in Sources */ = {isa = PBXBuildFile; fileRef = 7EA4DD1725B9D25700D1440E /* imgui_demo.cpp */; };
		7EA4DD3125B9D25700D1440E /* imgui_impl_sdl.cpp in Sources */ = {isa = PBXBuildFile; fileRef = 7EA4DD1825B9D25700D1440E /* imgui_impl_sdl.cpp */; };
		7EA4DD3225B9D25700D1440E /* imgui_draw.cpp in Sources */ = {isa = PBXBuildFile; fileRef = 7EA4DD1925B9D25700D1440E /* imgui_draw.cpp */; };
		7EA4DD3325B9D25700D1440E /* glad.c in Sources */ = {isa = PBXBuildFile; fileRef = 7EA4DD1F25B9D25700D1440E /* glad.c */; };
		7EA4DD3425B9D25700D1440E /* StatView.cpp in Sources */ = {isa = PBXBuildFile; fileRef = 7EA4DD2125B9D25700D1440E /* StatView.cpp */; };
		7EA4DD3525B9D25700D1440E /* TestView.cpp in Sources */ = {isa = PBXBuildFile; fileRef = 7EA4DD2325B9D25700D1440E /* TestView.cpp */; };
		7EA4DD3625B9D25700D1440E /* main.cpp in Sources */ = {isa = PBXBuildFile; fileRef = 7EA4DD2525B9D25700D1440E /* main.cpp */; };
		7EA4DD3925B9D29200D1440E /* libSDL2-2.0.0.dylib in Frameworks */ = {isa = PBXBuildFile; fileRef = 7EA4DD3825B9D29200D1440E /* libSDL2-2.0.0.dylib */; };
		7EF51C052610C77D00444D63 /* Texture.cpp in Sources */ = {isa = PBXBuildFile; fileRef = 7EF51C022610C77D00444D63 /* Texture.cpp */; };
/* End PBXBuildFile section */

/* Begin PBXCopyFilesBuildPhase section */
		7E3E14442664D26E00792C7B /* CopyFiles */ = {
			isa = PBXCopyFilesBuildPhase;
			buildActionMask = 2147483647;
			dstPath = res;
			dstSubfolderSpec = 7;
			files = (
				7E3FD7682665E0390085E81D /* spot_triangulated_good.obj in CopyFiles */,
				7E3FD7652665D6A90085E81D /* hmap.jpg in CopyFiles */,
				7E3FD7662665D6A90085E81D /* spot_texture.png in CopyFiles */,
				7E3FD76226651CDF0085E81D /* spot_triangulated.obj in CopyFiles */,
				7E3E14452664D29900792C7B /* african_head.obj in CopyFiles */,
				7E3E14462664D29900792C7B /* cube.obj in CopyFiles */,
				7E3E14472664D29900792C7B /* test2.png in CopyFiles */,
				7E3E14482664D29900792C7B /* test.png in CopyFiles */,
			);
			runOnlyForDeploymentPostprocessing = 0;
		};
		7EA4DCEF25B9D22800D1440E /* CopyFiles */ = {
			isa = PBXCopyFilesBuildPhase;
			buildActionMask = 2147483647;
			dstPath = /usr/share/man/man1;
			dstSubfolderSpec = 0;
			files = (
			);
			runOnlyForDeploymentPostprocessing = 1;
		};
/* End PBXCopyFilesBuildPhase section */

/* Begin PBXFileReference section */
		7E3E14292664CAF500792C7B /* Uniform.h */ = {isa = PBXFileReference; fileEncoding = 4; lastKnownFileType = sourcecode.c.h; path = Uniform.h; sourceTree = "<group>"; };
		7E3E142A2664CAF600792C7B /* Material.cpp */ = {isa = PBXFileReference; fileEncoding = 4; lastKnownFileType = sourcecode.cpp.cpp; path = Material.cpp; sourceTree = "<group>"; };
		7E3E142B2664CAF600792C7B /* Material.h */ = {isa = PBXFileReference; fileEncoding = 4; lastKnownFileType = sourcecode.c.h; path = Material.h; sourceTree = "<group>"; };
		7E3E142E2664CAF600792C7B /* Shader.cpp */ = {isa = PBXFileReference; fileEncoding = 4; lastKnownFileType = sourcecode.cpp.cpp; path = Shader.cpp; sourceTree = "<group>"; };
		7E3E142F2664CAF600792C7B /* ShaderProgram.h */ = {isa = PBXFileReference; fileEncoding = 4; lastKnownFileType = sourcecode.c.h; path = ShaderProgram.h; sourceTree = "<group>"; };
		7E3E14302664CAF600792C7B /* ShaderProgram.cpp */ = {isa = PBXFileReference; fileEncoding = 4; lastKnownFileType = sourcecode.cpp.cpp; path = ShaderProgram.cpp; sourceTree = "<group>"; };
		7E3E14312664CAF600792C7B /* Uniform.cpp */ = {isa = PBXFileReference; fileEncoding = 4; lastKnownFileType = sourcecode.cpp.cpp; path = Uniform.cpp; sourceTree = "<group>"; };
		7E3E14322664CAF600792C7B /* BoundingBox.h */ = {isa = PBXFileReference; fileEncoding = 4; lastKnownFileType = sourcecode.c.h; path = BoundingBox.h; sourceTree = "<group>"; };
		7E3E14332664CAF600792C7B /* Shader.h */ = {isa = PBXFileReference; fileEncoding = 4; lastKnownFileType = sourcecode.c.h; path = Shader.h; sourceTree = "<group>"; };
		7E3E14342664CAF600792C7B /* Attribute.h */ = {isa = PBXFileReference; fileEncoding = 4; lastKnownFileType = sourcecode.c.h; path = Attribute.h; sourceTree = "<group>"; };
		7E3E143C2664D0B300792C7B /* african_head.obj */ = {isa = PBXFileReference; fileEncoding = 4; lastKnownFileType = text; path = african_head.obj; sourceTree = "<group>"; };
		7E3E143D2664D0B300792C7B /* cube.obj */ = {isa = PBXFileReference; fileEncoding = 4; lastKnownFileType = text; path = cube.obj; sourceTree = "<group>"; };
		7E3E143E2664D0B300792C7B /* test2.png */ = {isa = PBXFileReference; lastKnownFileType = image.png; path = test2.png; sourceTree = "<group>"; };
		7E3E143F2664D0B300792C7B /* test.png */ = {isa = PBXFileReference; lastKnownFileType = image.png; path = test.png; sourceTree = "<group>"; };
		7E3E144926650C4300792C7B /* Mesh.h */ = {isa = PBXFileReference; fileEncoding = 4; lastKnownFileType = sourcecode.c.h; path = Mesh.h; sourceTree = "<group>"; };
		7E3E144A26650C4300792C7B /* Mesh.cpp */ = {isa = PBXFileReference; fileEncoding = 4; lastKnownFileType = sourcecode.cpp.cpp; path = Mesh.cpp; sourceTree = "<group>"; };
		7E3FD76126651CCF0085E81D /* spot_triangulated.obj */ = {isa = PBXFileReference; fileEncoding = 4; lastKnownFileType = text; path = spot_triangulated.obj; sourceTree = "<group>"; };
		7E3FD7632665D6970085E81D /* hmap.jpg */ = {isa = PBXFileReference; lastKnownFileType = image.jpeg; path = hmap.jpg; sourceTree = "<group>"; };
		7E3FD7642665D6970085E81D /* spot_texture.png */ = {isa = PBXFileReference; lastKnownFileType = image.png; path = spot_texture.png; sourceTree = "<group>"; };
		7E3FD7672665E0320085E81D /* spot_triangulated_good.obj */ = {isa = PBXFileReference; fileEncoding = 4; lastKnownFileType = text; path = spot_triangulated_good.obj; sourceTree = "<group>"; };
		7E56870426079CB80058C5B2 /* Viewport.h */ = {isa = PBXFileReference; fileEncoding = 4; lastKnownFileType = sourcecode.c.h; path = Viewport.h; sourceTree = "<group>"; };
		7E56870526079CB80058C5B2 /* RandomHelper.h */ = {isa = PBXFileReference; fileEncoding = 4; lastKnownFileType = sourcecode.c.h; path = RandomHelper.h; sourceTree = "<group>"; };
		7E56870626079CB80058C5B2 /* Color.h */ = {isa = PBXFileReference; fileEncoding = 4; lastKnownFileType = sourcecode.c.h; path = Color.h; sourceTree = "<group>"; };
		7E56870726079CB80058C5B2 /* Camera.cpp */ = {isa = PBXFileReference; fileEncoding = 4; lastKnownFileType = sourcecode.cpp.cpp; path = Camera.cpp; sourceTree = "<group>"; };
		7E56870826079CB80058C5B2 /* Math.h */ = {isa = PBXFileReference; fileEncoding = 4; lastKnownFileType = sourcecode.c.h; path = Math.h; sourceTree = "<group>"; };
		7E56870926079CB80058C5B2 /* Color.cpp */ = {isa = PBXFileReference; fileEncoding = 4; lastKnownFileType = sourcecode.cpp.cpp; path = Color.cpp; sourceTree = "<group>"; };
		7E56870A26079CB80058C5B2 /* Viewport.cpp */ = {isa = PBXFileReference; fileEncoding = 4; lastKnownFileType = sourcecode.cpp.cpp; path = Viewport.cpp; sourceTree = "<group>"; };
		7E56870B26079CB80058C5B2 /* Vector.h */ = {isa = PBXFileReference; fileEncoding = 4; lastKnownFileType = sourcecode.c.h; path = Vector.h; sourceTree = "<group>"; };
		7E56870C26079CB80058C5B2 /* RandomHelper.cpp */ = {isa = PBXFileReference; fileEncoding = 4; lastKnownFileType = sourcecode.cpp.cpp; path = RandomHelper.cpp; sourceTree = "<group>"; };
		7E56870D26079CB80058C5B2 /* Matrix.h */ = {isa = PBXFileReference; fileEncoding = 4; lastKnownFileType = sourcecode.c.h; path = Matrix.h; sourceTree = "<group>"; };
		7E56870E26079CB80058C5B2 /* Matrix.cpp */ = {isa = PBXFileReference; fileEncoding = 4; lastKnownFileType = sourcecode.cpp.cpp; path = Matrix.cpp; sourceTree = "<group>"; };
		7E56870F26079CB80058C5B2 /* Camera.h */ = {isa = PBXFileReference; fileEncoding = 4; lastKnownFileType = sourcecode.c.h; path = Camera.h; sourceTree = "<group>"; };
		7E56871526079CC30058C5B2 /* DrawLinesView.cpp */ = {isa = PBXFileReference; fileEncoding = 4; lastKnownFileType = sourcecode.cpp.cpp; path = DrawLinesView.cpp; sourceTree = "<group>"; };
		7E56871626079CC30058C5B2 /* DrawLinesView.h */ = {isa = PBXFileReference; fileEncoding = 4; lastKnownFileType = sourcecode.c.h; path = DrawLinesView.h; sourceTree = "<group>"; };
		7E5687182607A0C00058C5B2 /* Vector.cpp */ = {isa = PBXFileReference; fileEncoding = 4; lastKnownFileType = sourcecode.cpp.cpp; path = Vector.cpp; sourceTree = "<group>"; };
		7E6509E027469A7000BDCA09 /* README.md */ = {isa = PBXFileReference; fileEncoding = 4; lastKnownFileType = net.daringfireball.markdown; name = README.md; path = ../../../README.md; sourceTree = "<group>"; };
		7E99B7AF26861D2900EAFAB0 /* Light.h */ = {isa = PBXFileReference; fileEncoding = 4; lastKnownFileType = sourcecode.c.h; path = Light.h; sourceTree = "<group>"; };
		7EA4DCF125B9D22800D1440E /* SlimRender */ = {isa = PBXFileReference; explicitFileType = "compiled.mach-o.executable"; includeInIndex = 0; path = SlimRender; sourceTree = BUILT_PRODUCTS_DIR; };
		7EA4DCFD25B9D25700D1440E /* Render.cpp */ = {isa = PBXFileReference; fileEncoding = 4; lastKnownFileType = sourcecode.cpp.cpp; path = Render.cpp; sourceTree = "<group>"; };
		7EA4DCFE25B9D25700D1440E /* Types.cpp */ = {isa = PBXFileReference; fileEncoding = 4; lastKnownFileType = sourcecode.cpp.cpp; path = Types.cpp; sourceTree = "<group>"; };
		7EA4DCFF25B9D25700D1440E /* Types.h */ = {isa = PBXFileReference; fileEncoding = 4; lastKnownFileType = sourcecode.c.h; path = Types.h; sourceTree = "<group>"; };
		7EA4DD0025B9D25700D1440E /* ViewMgr.cpp */ = {isa = PBXFileReference; fileEncoding = 4; lastKnownFileType = sourcecode.cpp.cpp; path = ViewMgr.cpp; sourceTree = "<group>"; };
		7EA4DD0125B9D25700D1440E /* App.h */ = {isa = PBXFileReference; fileEncoding = 4; lastKnownFileType = sourcecode.c.h; path = App.h; sourceTree = "<group>"; };
		7EA4DD0225B9D25700D1440E /* BaseView.h */ = {isa = PBXFileReference; fileEncoding = 4; lastKnownFileType = sourcecode.c.h; path = BaseView.h; sourceTree = "<group>"; };
		7EA4DD0325B9D25700D1440E /* Functions.h */ = {isa = PBXFileReference; fileEncoding = 4; lastKnownFileType = sourcecode.c.h; path = Functions.h; sourceTree = "<group>"; };
		7EA4DD0425B9D25700D1440E /* ViewMgr.h */ = {isa = PBXFileReference; fileEncoding = 4; lastKnownFileType = sourcecode.c.h; path = ViewMgr.h; sourceTree = "<group>"; };
		7EA4DD0525B9D25700D1440E /* BaseView.cpp */ = {isa = PBXFileReference; fileEncoding = 4; lastKnownFileType = sourcecode.cpp.cpp; path = BaseView.cpp; sourceTree = "<group>"; };
		7EA4DD0625B9D25700D1440E /* Render.h */ = {isa = PBXFileReference; fileEncoding = 4; lastKnownFileType = sourcecode.c.h; path = Render.h; sourceTree = "<group>"; };
		7EA4DD0725B9D25700D1440E /* App.cpp */ = {isa = PBXFileReference; fileEncoding = 4; lastKnownFileType = sourcecode.cpp.cpp; path = App.cpp; sourceTree = "<group>"; };
		7EA4DD0925B9D25700D1440E /* imgui.h */ = {isa = PBXFileReference; fileEncoding = 4; lastKnownFileType = sourcecode.c.h; path = imgui.h; sourceTree = "<group>"; };
		7EA4DD0A25B9D25700D1440E /* imstb_textedit.h */ = {isa = PBXFileReference; fileEncoding = 4; lastKnownFileType = sourcecode.c.h; path = imstb_textedit.h; sourceTree = "<group>"; };
		7EA4DD0B25B9D25700D1440E /* imconfig.h */ = {isa = PBXFileReference; fileEncoding = 4; lastKnownFileType = sourcecode.c.h; path = imconfig.h; sourceTree = "<group>"; };
		7EA4DD0C25B9D25700D1440E /* imgui_widgets.cpp */ = {isa = PBXFileReference; fileEncoding = 4; lastKnownFileType = sourcecode.cpp.cpp; path = imgui_widgets.cpp; sourceTree = "<group>"; };
		7EA4DD0D25B9D25700D1440E /* imstb_truetype.h */ = {isa = PBXFileReference; fileEncoding = 4; lastKnownFileType = sourcecode.c.h; path = imstb_truetype.h; sourceTree = "<group>"; };
		7EA4DD0E25B9D25700D1440E /* imgui_impl_sdl.h */ = {isa = PBXFileReference; fileEncoding = 4; lastKnownFileType = sourcecode.c.h; path = imgui_impl_sdl.h; sourceTree = "<group>"; };
		7EA4DD0F25B9D25700D1440E /* imgui_impl_opengl3.h */ = {isa = PBXFileReference; fileEncoding = 4; lastKnownFileType = sourcecode.c.h; path = imgui_impl_opengl3.h; sourceTree = "<group>"; };
		7EA4DD1025B9D25700D1440E /* imgui_sdl.h */ = {isa = PBXFileReference; fileEncoding = 4; lastKnownFileType = sourcecode.c.h; path = imgui_sdl.h; sourceTree = "<group>"; };
		7EA4DD1125B9D25700D1440E /* imgui.cpp */ = {isa = PBXFileReference; fileEncoding = 4; lastKnownFileType = sourcecode.cpp.cpp; path = imgui.cpp; sourceTree = "<group>"; };
		7EA4DD1225B9D25700D1440E /* imgui_internal.h */ = {isa = PBXFileReference; fileEncoding = 4; lastKnownFileType = sourcecode.c.h; path = imgui_internal.h; sourceTree = "<group>"; };
		7EA4DD1325B9D25700D1440E /* imgui_impl_opengl3.cpp */ = {isa = PBXFileReference; fileEncoding = 4; lastKnownFileType = sourcecode.cpp.cpp; path = imgui_impl_opengl3.cpp; sourceTree = "<group>"; };
		7EA4DD1425B9D25700D1440E /* imstb_rectpack.h */ = {isa = PBXFileReference; fileEncoding = 4; lastKnownFileType = sourcecode.c.h; path = imstb_rectpack.h; sourceTree = "<group>"; };
		7EA4DD1525B9D25700D1440E /* imgui_tables.cpp */ = {isa = PBXFileReference; fileEncoding = 4; lastKnownFileType = sourcecode.cpp.cpp; path = imgui_tables.cpp; sourceTree = "<group>"; };
		7EA4DD1625B9D25700D1440E /* imgui_sdl.cpp */ = {isa = PBXFileReference; fileEncoding = 4; lastKnownFileType = sourcecode.cpp.cpp; path = imgui_sdl.cpp; sourceTree = "<group>"; };
		7EA4DD1725B9D25700D1440E /* imgui_demo.cpp */ = {isa = PBXFileReference; fileEncoding = 4; lastKnownFileType = sourcecode.cpp.cpp; path = imgui_demo.cpp; sourceTree = "<group>"; };
		7EA4DD1825B9D25700D1440E /* imgui_impl_sdl.cpp */ = {isa = PBXFileReference; fileEncoding = 4; lastKnownFileType = sourcecode.cpp.cpp; path = imgui_impl_sdl.cpp; sourceTree = "<group>"; };
		7EA4DD1925B9D25700D1440E /* imgui_draw.cpp */ = {isa = PBXFileReference; fileEncoding = 4; lastKnownFileType = sourcecode.cpp.cpp; path = imgui_draw.cpp; sourceTree = "<group>"; };
		7EA4DD1C25B9D25700D1440E /* khrplatform.h */ = {isa = PBXFileReference; fileEncoding = 4; lastKnownFileType = sourcecode.c.h; path = khrplatform.h; sourceTree = "<group>"; };
		7EA4DD1E25B9D25700D1440E /* glad.h */ = {isa = PBXFileReference; fileEncoding = 4; lastKnownFileType = sourcecode.c.h; path = glad.h; sourceTree = "<group>"; };
		7EA4DD1F25B9D25700D1440E /* glad.c */ = {isa = PBXFileReference; fileEncoding = 4; lastKnownFileType = sourcecode.c.c; path = glad.c; sourceTree = "<group>"; };
		7EA4DD2125B9D25700D1440E /* StatView.cpp */ = {isa = PBXFileReference; fileEncoding = 4; lastKnownFileType = sourcecode.cpp.cpp; path = StatView.cpp; sourceTree = "<group>"; };
		7EA4DD2225B9D25700D1440E /* TestView.h */ = {isa = PBXFileReference; fileEncoding = 4; lastKnownFileType = sourcecode.c.h; path = TestView.h; sourceTree = "<group>"; };
		7EA4DD2325B9D25700D1440E /* TestView.cpp */ = {isa = PBXFileReference; fileEncoding = 4; lastKnownFileType = sourcecode.cpp.cpp; path = TestView.cpp; sourceTree = "<group>"; };
		7EA4DD2425B9D25700D1440E /* StatView.h */ = {isa = PBXFileReference; fileEncoding = 4; lastKnownFileType = sourcecode.c.h; path = StatView.h; sourceTree = "<group>"; };
		7EA4DD2525B9D25700D1440E /* main.cpp */ = {isa = PBXFileReference; fileEncoding = 4; lastKnownFileType = sourcecode.cpp.cpp; path = main.cpp; sourceTree = "<group>"; };
		7EA4DD3825B9D29200D1440E /* libSDL2-2.0.0.dylib */ = {isa = PBXFileReference; lastKnownFileType = "compiled.mach-o.dylib"; name = "libSDL2-2.0.0.dylib"; path = "../../../3rdParty/SDL2/lib/mac/libSDL2-2.0.0.dylib"; sourceTree = "<group>"; };
		7EF51C022610C77D00444D63 /* Texture.cpp */ = {isa = PBXFileReference; fileEncoding = 4; lastKnownFileType = sourcecode.cpp.cpp; path = Texture.cpp; sourceTree = "<group>"; };
		7EF51C032610C77D00444D63 /* Texture.h */ = {isa = PBXFileReference; fileEncoding = 4; lastKnownFileType = sourcecode.c.h; path = Texture.h; sourceTree = "<group>"; };
		7EF51C042610C77D00444D63 /* Vertex.h */ = {isa = PBXFileReference; fileEncoding = 4; lastKnownFileType = sourcecode.c.h; path = Vertex.h; sourceTree = "<group>"; };
		7EF51C072610C79100444D63 /* stb_image.h */ = {isa = PBXFileReference; fileEncoding = 4; lastKnownFileType = sourcecode.c.h; path = stb_image.h; sourceTree = "<group>"; };
/* End PBXFileReference section */

/* Begin PBXFrameworksBuildPhase section */
		7EA4DCEE25B9D22800D1440E /* Frameworks */ = {
			isa = PBXFrameworksBuildPhase;
			buildActionMask = 2147483647;
			files = (
				7EA4DD3925B9D29200D1440E /* libSDL2-2.0.0.dylib in Frameworks */,
			);
			runOnlyForDeploymentPostprocessing = 0;
		};
/* End PBXFrameworksBuildPhase section */

/* Begin PBXGroup section */
		7E3E143B2664D0B300792C7B /* res */ = {
			isa = PBXGroup;
			children = (
				7E3FD7672665E0320085E81D /* spot_triangulated_good.obj */,
				7E3FD7632665D6970085E81D /* hmap.jpg */,
				7E3FD7642665D6970085E81D /* spot_texture.png */,
				7E3FD76126651CCF0085E81D /* spot_triangulated.obj */,
				7E3E143C2664D0B300792C7B /* african_head.obj */,
				7E3E143D2664D0B300792C7B /* cube.obj */,
				7E3E143E2664D0B300792C7B /* test2.png */,
				7E3E143F2664D0B300792C7B /* test.png */,
			);
			name = res;
			path = ../../../res;
			sourceTree = "<group>";
		};
		7EA4DCE825B9D22800D1440E = {
			isa = PBXGroup;
			children = (
				7E6509E027469A7000BDCA09 /* README.md */,
				7E3E143B2664D0B300792C7B /* res */,
				7EA4DCFB25B9D25700D1440E /* src */,
				7EA4DCF225B9D22800D1440E /* Products */,
				7EA4DD3725B9D29200D1440E /* Frameworks */,
			);
			sourceTree = "<group>";
		};
		7EA4DCF225B9D22800D1440E /* Products */ = {
			isa = PBXGroup;
			children = (
				7EA4DCF125B9D22800D1440E /* SlimRender */,
			);
			name = Products;
			sourceTree = "<group>";
		};
		7EA4DCFB25B9D25700D1440E /* src */ = {
			isa = PBXGroup;
			children = (
				7EF51C062610C79100444D63 /* stb */,
				7EA4DCFC25B9D25700D1440E /* Core */,
				7EA4DD0825B9D25700D1440E /* imgui */,
				7EA4DD1A25B9D25700D1440E /* glad */,
				7EA4DD2025B9D25700D1440E /* View */,
				7EA4DD2525B9D25700D1440E /* main.cpp */,
			);
			name = src;
			path = ../../../src;
			sourceTree = "<group>";
		};
		7EA4DCFC25B9D25700D1440E /* Core */ = {
			isa = PBXGroup;
			children = (
				7E99B7AF26861D2900EAFAB0 /* Light.h */,
				7E3E144A26650C4300792C7B /* Mesh.cpp */,
				7E3E144926650C4300792C7B /* Mesh.h */,
				7E3E14342664CAF600792C7B /* Attribute.h */,
				7E3E14322664CAF600792C7B /* BoundingBox.h */,
				7E3E142A2664CAF600792C7B /* Material.cpp */,
				7E3E142B2664CAF600792C7B /* Material.h */,
				7E3E142E2664CAF600792C7B /* Shader.cpp */,
				7E3E14332664CAF600792C7B /* Shader.h */,
				7E3E14302664CAF600792C7B /* ShaderProgram.cpp */,
				7E3E142F2664CAF600792C7B /* ShaderProgram.h */,
				7E3E14312664CAF600792C7B /* Uniform.cpp */,
				7E3E14292664CAF500792C7B /* Uniform.h */,
				7EF51C022610C77D00444D63 /* Texture.cpp */,
				7EF51C032610C77D00444D63 /* Texture.h */,
				7EF51C042610C77D00444D63 /* Vertex.h */,
				7E56870726079CB80058C5B2 /* Camera.cpp */,
				7E56870F26079CB80058C5B2 /* Camera.h */,
				7E56870926079CB80058C5B2 /* Color.cpp */,
				7E56870626079CB80058C5B2 /* Color.h */,
				7E56870826079CB80058C5B2 /* Math.h */,
				7E56870E26079CB80058C5B2 /* Matrix.cpp */,
				7E56870D26079CB80058C5B2 /* Matrix.h */,
				7E56870C26079CB80058C5B2 /* RandomHelper.cpp */,
				7E56870526079CB80058C5B2 /* RandomHelper.h */,
				7E5687182607A0C00058C5B2 /* Vector.cpp */,
				7E56870B26079CB80058C5B2 /* Vector.h */,
				7E56870A26079CB80058C5B2 /* Viewport.cpp */,
				7E56870426079CB80058C5B2 /* Viewport.h */,
				7EA4DCFD25B9D25700D1440E /* Render.cpp */,
				7EA4DCFE25B9D25700D1440E /* Types.cpp */,
				7EA4DCFF25B9D25700D1440E /* Types.h */,
				7EA4DD0025B9D25700D1440E /* ViewMgr.cpp */,
				7EA4DD0125B9D25700D1440E /* App.h */,
				7EA4DD0225B9D25700D1440E /* BaseView.h */,
				7EA4DD0325B9D25700D1440E /* Functions.h */,
				7EA4DD0425B9D25700D1440E /* ViewMgr.h */,
				7EA4DD0525B9D25700D1440E /* BaseView.cpp */,
				7EA4DD0625B9D25700D1440E /* Render.h */,
				7EA4DD0725B9D25700D1440E /* App.cpp */,
			);
			path = Core;
			sourceTree = "<group>";
		};
		7EA4DD0825B9D25700D1440E /* imgui */ = {
			isa = PBXGroup;
			children = (
				7EA4DD0925B9D25700D1440E /* imgui.h */,
				7EA4DD0A25B9D25700D1440E /* imstb_textedit.h */,
				7EA4DD0B25B9D25700D1440E /* imconfig.h */,
				7EA4DD0C25B9D25700D1440E /* imgui_widgets.cpp */,
				7EA4DD0D25B9D25700D1440E /* imstb_truetype.h */,
				7EA4DD0E25B9D25700D1440E /* imgui_impl_sdl.h */,
				7EA4DD0F25B9D25700D1440E /* imgui_impl_opengl3.h */,
				7EA4DD1025B9D25700D1440E /* imgui_sdl.h */,
				7EA4DD1125B9D25700D1440E /* imgui.cpp */,
				7EA4DD1225B9D25700D1440E /* imgui_internal.h */,
				7EA4DD1325B9D25700D1440E /* imgui_impl_opengl3.cpp */,
				7EA4DD1425B9D25700D1440E /* imstb_rectpack.h */,
				7EA4DD1525B9D25700D1440E /* imgui_tables.cpp */,
				7EA4DD1625B9D25700D1440E /* imgui_sdl.cpp */,
				7EA4DD1725B9D25700D1440E /* imgui_demo.cpp */,
				7EA4DD1825B9D25700D1440E /* imgui_impl_sdl.cpp */,
				7EA4DD1925B9D25700D1440E /* imgui_draw.cpp */,
			);
			path = imgui;
			sourceTree = "<group>";
		};
		7EA4DD1A25B9D25700D1440E /* glad */ = {
			isa = PBXGroup;
			children = (
				7EA4DD1B25B9D25700D1440E /* KHR */,
				7EA4DD1D25B9D25700D1440E /* glad */,
				7EA4DD1F25B9D25700D1440E /* glad.c */,
			);
			path = glad;
			sourceTree = "<group>";
		};
		7EA4DD1B25B9D25700D1440E /* KHR */ = {
			isa = PBXGroup;
			children = (
				7EA4DD1C25B9D25700D1440E /* khrplatform.h */,
			);
			path = KHR;
			sourceTree = "<group>";
		};
		7EA4DD1D25B9D25700D1440E /* glad */ = {
			isa = PBXGroup;
			children = (
				7EA4DD1E25B9D25700D1440E /* glad.h */,
			);
			path = glad;
			sourceTree = "<group>";
		};
		7EA4DD2025B9D25700D1440E /* View */ = {
			isa = PBXGroup;
			children = (
				7E56871526079CC30058C5B2 /* DrawLinesView.cpp */,
				7E56871626079CC30058C5B2 /* DrawLinesView.h */,
				7EA4DD2125B9D25700D1440E /* StatView.cpp */,
				7EA4DD2225B9D25700D1440E /* TestView.h */,
				7EA4DD2325B9D25700D1440E /* TestView.cpp */,
				7EA4DD2425B9D25700D1440E /* StatView.h */,
			);
			path = View;
			sourceTree = "<group>";
		};
		7EA4DD3725B9D29200D1440E /* Frameworks */ = {
			isa = PBXGroup;
			children = (
				7EA4DD3825B9D29200D1440E /* libSDL2-2.0.0.dylib */,
			);
			name = Frameworks;
			sourceTree = "<group>";
		};
		7EF51C062610C79100444D63 /* stb */ = {
			isa = PBXGroup;
			children = (
				7EF51C072610C79100444D63 /* stb_image.h */,
			);
			path = stb;
			sourceTree = "<group>";
		};
/* End PBXGroup section */

/* Begin PBXNativeTarget section */
		7EA4DCF025B9D22800D1440E /* SlimRender */ = {
			isa = PBXNativeTarget;
			buildConfigurationList = 7EA4DCF825B9D22800D1440E /* Build configuration list for PBXNativeTarget "SlimRender" */;
			buildPhases = (
				7EA4DCED25B9D22800D1440E /* Sources */,
				7EA4DCEE25B9D22800D1440E /* Frameworks */,
				7EA4DCEF25B9D22800D1440E /* CopyFiles */,
				7E3E14442664D26E00792C7B /* CopyFiles */,
			);
			buildRules = (
			);
			dependencies = (
			);
			name = SlimRender;
			productName = SlimRender;
			productReference = 7EA4DCF125B9D22800D1440E /* SlimRender */;
			productType = "com.apple.product-type.tool";
		};
/* End PBXNativeTarget section */

/* Begin PBXProject section */
		7EA4DCE925B9D22800D1440E /* Project object */ = {
			isa = PBXProject;
			attributes = {
				LastUpgradeCheck = 1160;
				ORGANIZATIONNAME = ZLam;
				TargetAttributes = {
					7EA4DCF025B9D22800D1440E = {
						CreatedOnToolsVersion = 11.6;
					};
				};
			};
			buildConfigurationList = 7EA4DCEC25B9D22800D1440E /* Build configuration list for PBXProject "SlimRender" */;
			compatibilityVersion = "Xcode 9.3";
			developmentRegion = en;
			hasScannedForEncodings = 0;
			knownRegions = (
				en,
				Base,
			);
			mainGroup = 7EA4DCE825B9D22800D1440E;
			productRefGroup = 7EA4DCF225B9D22800D1440E /* Products */;
			projectDirPath = "";
			projectRoot = "";
			targets = (
				7EA4DCF025B9D22800D1440E /* SlimRender */,
			);
		};
/* End PBXProject section */

/* Begin PBXSourcesBuildPhase section */
		7EA4DCED25B9D22800D1440E /* Sources */ = {
			isa = PBXSourcesBuildPhase;
			buildActionMask = 2147483647;
			files = (
				7EA4DD3225B9D25700D1440E /* imgui_draw.cpp in Sources */,
				7EA4DD2825B9D25700D1440E /* ViewMgr.cpp in Sources */,
				7E56871426079CB80058C5B2 /* Matrix.cpp in Sources */,
				7EA4DD2F25B9D25700D1440E /* imgui_sdl.cpp in Sources */,
				7EA4DD2B25B9D25700D1440E /* imgui_widgets.cpp in Sources */,
				7E56871026079CB80058C5B2 /* Camera.cpp in Sources */,
				7E3E144B26650C4400792C7B /* Mesh.cpp in Sources */,
				7E56871226079CB80058C5B2 /* Viewport.cpp in Sources */,
				7E56871726079CC30058C5B2 /* DrawLinesView.cpp in Sources */,
				7EA4DD3425B9D25700D1440E /* StatView.cpp in Sources */,
				7EA4DD3625B9D25700D1440E /* main.cpp in Sources */,
				7EA4DD2D25B9D25700D1440E /* imgui_impl_opengl3.cpp in Sources */,
				7E56871326079CB80058C5B2 /* RandomHelper.cpp in Sources */,
				7E3E143A2664CAF600792C7B /* Uniform.cpp in Sources */,
				7EA4DD2625B9D25700D1440E /* Render.cpp in Sources */,
				7EA4DD3125B9D25700D1440E /* imgui_impl_sdl.cpp in Sources */,
				7E3E14352664CAF600792C7B /* Material.cpp in Sources */,
				7E3E14382664CAF600792C7B /* Shader.cpp in Sources */,
				7E5687192607A0C00058C5B2 /* Vector.cpp in Sources */,
				7EF51C052610C77D00444D63 /* Texture.cpp in Sources */,
				7EA4DD3525B9D25700D1440E /* TestView.cpp in Sources */,
				7EA4DD3025B9D25700D1440E /* imgui_demo.cpp in Sources */,
				7E3E14392664CAF600792C7B /* ShaderProgram.cpp in Sources */,
				7EA4DD2E25B9D25700D1440E /* imgui_tables.cpp in Sources */,
				7EA4DD2725B9D25700D1440E /* Types.cpp in Sources */,
				7EA4DD2925B9D25700D1440E /* BaseView.cpp in Sources */,
				7EA4DD2C25B9D25700D1440E /* imgui.cpp in Sources */,
				7EA4DD2A25B9D25700D1440E /* App.cpp in Sources */,
				7EA4DD3325B9D25700D1440E /* glad.c in Sources */,
				7E56871126079CB80058C5B2 /* Color.cpp in Sources */,
			);
			runOnlyForDeploymentPostprocessing = 0;
		};
/* End PBXSourcesBuildPhase section */

/* Begin XCBuildConfiguration section */
		7EA4DCF625B9D22800D1440E /* Debug */ = {
			isa = XCBuildConfiguration;
			buildSettings = {
				ALWAYS_SEARCH_USER_PATHS = YES;
				CLANG_ANALYZER_NONNULL = YES;
				CLANG_ANALYZER_NUMBER_OBJECT_CONVERSION = YES_AGGRESSIVE;
				CLANG_CXX_LANGUAGE_STANDARD = "c++17";
				CLANG_CXX_LIBRARY = "libc++";
				CLANG_ENABLE_MODULES = YES;
				CLANG_ENABLE_OBJC_ARC = YES;
				CLANG_ENABLE_OBJC_WEAK = YES;
				CLANG_WARN_BLOCK_CAPTURE_AUTORELEASING = YES;
				CLANG_WARN_BOOL_CONVERSION = YES;
				CLANG_WARN_COMMA = YES;
				CLANG_WARN_CONSTANT_CONVERSION = YES;
				CLANG_WARN_DEPRECATED_OBJC_IMPLEMENTATIONS = YES;
				CLANG_WARN_DIRECT_OBJC_ISA_USAGE = YES_ERROR;
				CLANG_WARN_DOCUMENTATION_COMMENTS = YES;
				CLANG_WARN_EMPTY_BODY = YES;
				CLANG_WARN_ENUM_CONVERSION = YES;
				CLANG_WARN_INFINITE_RECURSION = YES;
				CLANG_WARN_INT_CONVERSION = YES;
				CLANG_WARN_NON_LITERAL_NULL_CONVERSION = YES;
				CLANG_WARN_OBJC_IMPLICIT_RETAIN_SELF = YES;
				CLANG_WARN_OBJC_LITERAL_CONVERSION = YES;
				CLANG_WARN_OBJC_ROOT_CLASS = YES_ERROR;
				CLANG_WARN_RANGE_LOOP_ANALYSIS = YES;
				CLANG_WARN_STRICT_PROTOTYPES = YES;
				CLANG_WARN_SUSPICIOUS_MOVE = YES;
				CLANG_WARN_UNGUARDED_AVAILABILITY = YES_AGGRESSIVE;
				CLANG_WARN_UNREACHABLE_CODE = YES;
				CLANG_WARN__DUPLICATE_METHOD_MATCH = YES;
				COPY_PHASE_STRIP = NO;
				DEBUG_INFORMATION_FORMAT = dwarf;
				ENABLE_STRICT_OBJC_MSGSEND = YES;
				ENABLE_TESTABILITY = YES;
				GCC_C_LANGUAGE_STANDARD = gnu11;
				GCC_DYNAMIC_NO_PIC = NO;
				GCC_NO_COMMON_BLOCKS = YES;
				GCC_OPTIMIZATION_LEVEL = 0;
				GCC_PREPROCESSOR_DEFINITIONS = (
					"DEBUG=1",
					"$(inherited)",
				);
				GCC_WARN_64_TO_32_BIT_CONVERSION = YES;
				GCC_WARN_ABOUT_RETURN_TYPE = YES_ERROR;
				GCC_WARN_UNDECLARED_SELECTOR = YES;
				GCC_WARN_UNINITIALIZED_AUTOS = YES_AGGRESSIVE;
				GCC_WARN_UNUSED_FUNCTION = YES;
				GCC_WARN_UNUSED_VARIABLE = YES;
				LIBRARY_SEARCH_PATHS = (
					../../../3rdParty,
					../../../3rdParty/SDL2/lib/mac,
				);
				MACOSX_DEPLOYMENT_TARGET = 10.15;
				MTL_ENABLE_DEBUG_INFO = INCLUDE_SOURCE;
				MTL_FAST_MATH = YES;
				ONLY_ACTIVE_ARCH = YES;
				SDKROOT = macosx;
				USER_HEADER_SEARCH_PATHS = (
					../../../3rdParty,
					../../../3rdParty/SDL2/include,
					../../../src,
					../../../src/glad,
					../../../src/imgui,
				);
			};
			name = Debug;
		};
		7EA4DCF725B9D22800D1440E /* Release */ = {
			isa = XCBuildConfiguration;
			buildSettings = {
				ALWAYS_SEARCH_USER_PATHS = YES;
				CLANG_ANALYZER_NONNULL = YES;
				CLANG_ANALYZER_NUMBER_OBJECT_CONVERSION = YES_AGGRESSIVE;
				CLANG_CXX_LANGUAGE_STANDARD = "c++17";
				CLANG_CXX_LIBRARY = "libc++";
				CLANG_ENABLE_MODULES = YES;
				CLANG_ENABLE_OBJC_ARC = YES;
				CLANG_ENABLE_OBJC_WEAK = YES;
				CLANG_WARN_BLOCK_CAPTURE_AUTORELEASING = YES;
				CLANG_WARN_BOOL_CONVERSION = YES;
				CLANG_WARN_COMMA = YES;
				CLANG_WARN_CONSTANT_CONVERSION = YES;
				CLANG_WARN_DEPRECATED_OBJC_IMPLEMENTATIONS = YES;
				CLANG_WARN_DIRECT_OBJC_ISA_USAGE = YES_ERROR;
				CLANG_WARN_DOCUMENTATION_COMMENTS = YES;
				CLANG_WARN_EMPTY_BODY = YES;
				CLANG_WARN_ENUM_CONVERSION = YES;
				CLANG_WARN_INFINITE_RECURSION = YES;
				CLANG_WARN_INT_CONVERSION = YES;
				CLANG_WARN_NON_LITERAL_NULL_CONVERSION = YES;
				CLANG_WARN_OBJC_IMPLICIT_RETAIN_SELF = YES;
				CLANG_WARN_OBJC_LITERAL_CONVERSION = YES;
				CLANG_WARN_OBJC_ROOT_CLASS = YES_ERROR;
				CLANG_WARN_RANGE_LOOP_ANALYSIS = YES;
				CLANG_WARN_STRICT_PROTOTYPES = YES;
				CLANG_WARN_SUSPICIOUS_MOVE = YES;
				CLANG_WARN_UNGUARDED_AVAILABILITY = YES_AGGRESSIVE;
				CLANG_WARN_UNREACHABLE_CODE = YES;
				CLANG_WARN__DUPLICATE_METHOD_MATCH = YES;
				COPY_PHASE_STRIP = NO;
				DEBUG_INFORMATION_FORMAT = "dwarf-with-dsym";
				ENABLE_NS_ASSERTIONS = NO;
				ENABLE_STRICT_OBJC_MSGSEND = YES;
				GCC_C_LANGUAGE_STANDARD = gnu11;
				GCC_NO_COMMON_BLOCKS = YES;
				GCC_WARN_64_TO_32_BIT_CONVERSION = YES;
				GCC_WARN_ABOUT_RETURN_TYPE = YES_ERROR;
				GCC_WARN_UNDECLARED_SELECTOR = YES;
				GCC_WARN_UNINITIALIZED_AUTOS = YES_AGGRESSIVE;
				GCC_WARN_UNUSED_FUNCTION = YES;
				GCC_WARN_UNUSED_VARIABLE = YES;
				LIBRARY_SEARCH_PATHS = (
					../../../3rdParty,
					../../../3rdParty/SDL2/lib/mac,
				);
				MACOSX_DEPLOYMENT_TARGET = 10.15;
				MTL_ENABLE_DEBUG_INFO = NO;
				MTL_FAST_MATH = YES;
				SDKROOT = macosx;
				USER_HEADER_SEARCH_PATHS = (
					../../../3rdParty,
					../../../3rdParty/SDL2/include,
					../../../src,
					../../../src/glad,
					../../../src/imgui,
				);
			};
			name = Release;
		};
		7EA4DCF925B9D22800D1440E /* Debug */ = {
			isa = XCBuildConfiguration;
			buildSettings = {
				CODE_SIGN_STYLE = Automatic;
				PRODUCT_NAME = "$(TARGET_NAME)";
			};
			name = Debug;
		};
		7EA4DCFA25B9D22800D1440E /* Release */ = {
			isa = XCBuildConfiguration;
			buildSettings = {
				CODE_SIGN_STYLE = Automatic;
				PRODUCT_NAME = "$(TARGET_NAME)";
			};
			name = Release;
		};
/* End XCBuildConfiguration section */

/* Begin XCConfigurationList section */
		7EA4DCEC25B9D22800D1440E /* Build configuration list for PBXProject "SlimRender" */ = {
			isa = XCConfigurationList;
			buildConfigurations = (
				7EA4DCF625B9D22800D1440E /* Debug */,
				7EA4DCF725B9D22800D1440E /* Release */,
			);
			defaultConfigurationIsVisible = 0;
			defaultConfigurationName = Release;
		};
		7EA4DCF825B9D22800D1440E /* Build configuration list for PBXNativeTarget "SlimRender" */ = {
			isa = XCConfigurationList;
			buildConfigurations = (
				7EA4DCF925B9D22800D1440E /* Debug */,
				7EA4DCFA25B9D22800D1440E /* Release */,
			);
			defaultConfigurationIsVisible = 0;
			defaultConfigurationName = Release;
		};
/* End XCConfigurationList section */
	};
	rootObject = 7EA4DCE925B9D22800D1440E /* Project object */;
}
